// !$*UTF8*$!
{
	archiveVersion = 1;
	classes = {
	};
	objectVersion = 50;
	objects = {

/* Begin PBXBuildFile section */
		8C752DE62489D36800697557 /* AppDelegate.swift in Sources */ = {isa = PBXBuildFile; fileRef = 8C752DE52489D36800697557 /* AppDelegate.swift */; };
		8C752DE82489D36800697557 /* SceneDelegate.swift in Sources */ = {isa = PBXBuildFile; fileRef = 8C752DE72489D36800697557 /* SceneDelegate.swift */; };
		8C752DED2489D36800697557 /* Main.storyboard in Resources */ = {isa = PBXBuildFile; fileRef = 8C752DEB2489D36800697557 /* Main.storyboard */; };
		8C752DF02489D36800697557 /* SBM1.xcdatamodeld in Sources */ = {isa = PBXBuildFile; fileRef = 8C752DEE2489D36800697557 /* SBM1.xcdatamodeld */; };
		8C752DF22489D36800697557 /* Assets.xcassets in Resources */ = {isa = PBXBuildFile; fileRef = 8C752DF12489D36800697557 /* Assets.xcassets */; };
		8C752DF52489D36800697557 /* LaunchScreen.storyboard in Resources */ = {isa = PBXBuildFile; fileRef = 8C752DF32489D36800697557 /* LaunchScreen.storyboard */; };
		8C752DFF2489D37800697557 /* CloudKit.framework in Frameworks */ = {isa = PBXBuildFile; fileRef = 8C752DFE2489D37800697557 /* CloudKit.framework */; };
		8C752E012489E66800697557 /* MainTableViewController.swift in Sources */ = {isa = PBXBuildFile; fileRef = 8C752E002489E66800697557 /* MainTableViewController.swift */; };
		8C752E03248A074D00697557 /* AddTaskViewController.swift in Sources */ = {isa = PBXBuildFile; fileRef = 8C752E02248A074D00697557 /* AddTaskViewController.swift */; };
		8C792243248B86A900FCD271 /* MigrateTableViewController.swift in Sources */ = {isa = PBXBuildFile; fileRef = 8C792242248B86A900FCD271 /* MigrateTableViewController.swift */; };
		8C7B42DD248AE14500CCD778 /* GoalTableViewController.swift in Sources */ = {isa = PBXBuildFile; fileRef = 8C7B42DC248AE14500CCD778 /* GoalTableViewController.swift */; };
		8C7B42DF248AE6C100CCD778 /* AddGoalViewController.swift in Sources */ = {isa = PBXBuildFile; fileRef = 8C7B42DE248AE6C100CCD778 /* AddGoalViewController.swift */; };
/* End PBXBuildFile section */

/* Begin PBXFileReference section */
		8C752DE22489D36800697557 /* SBM1.app */ = {isa = PBXFileReference; explicitFileType = wrapper.application; includeInIndex = 0; path = SBM1.app; sourceTree = BUILT_PRODUCTS_DIR; };
		8C752DE52489D36800697557 /* AppDelegate.swift */ = {isa = PBXFileReference; lastKnownFileType = sourcecode.swift; path = AppDelegate.swift; sourceTree = "<group>"; };
		8C752DE72489D36800697557 /* SceneDelegate.swift */ = {isa = PBXFileReference; lastKnownFileType = sourcecode.swift; path = SceneDelegate.swift; sourceTree = "<group>"; };
		8C752DEC2489D36800697557 /* Base */ = {isa = PBXFileReference; lastKnownFileType = file.storyboard; name = Base; path = Base.lproj/Main.storyboard; sourceTree = "<group>"; };
		8C752DEF2489D36800697557 /* SBM1.xcdatamodel */ = {isa = PBXFileReference; lastKnownFileType = wrapper.xcdatamodel; path = SBM1.xcdatamodel; sourceTree = "<group>"; };
		8C752DF12489D36800697557 /* Assets.xcassets */ = {isa = PBXFileReference; lastKnownFileType = folder.assetcatalog; path = Assets.xcassets; sourceTree = "<group>"; };
		8C752DF42489D36800697557 /* Base */ = {isa = PBXFileReference; lastKnownFileType = file.storyboard; name = Base; path = Base.lproj/LaunchScreen.storyboard; sourceTree = "<group>"; };
		8C752DF62489D36800697557 /* Info.plist */ = {isa = PBXFileReference; lastKnownFileType = text.plist.xml; path = Info.plist; sourceTree = "<group>"; };
		8C752DFC2489D37500697557 /* SBM1.entitlements */ = {isa = PBXFileReference; lastKnownFileType = text.plist.entitlements; path = SBM1.entitlements; sourceTree = "<group>"; };
		8C752DFE2489D37800697557 /* CloudKit.framework */ = {isa = PBXFileReference; lastKnownFileType = wrapper.framework; name = CloudKit.framework; path = System/Library/Frameworks/CloudKit.framework; sourceTree = SDKROOT; };
		8C752E002489E66800697557 /* MainTableViewController.swift */ = {isa = PBXFileReference; lastKnownFileType = sourcecode.swift; path = MainTableViewController.swift; sourceTree = "<group>"; };
		8C752E02248A074D00697557 /* AddTaskViewController.swift */ = {isa = PBXFileReference; lastKnownFileType = sourcecode.swift; path = AddTaskViewController.swift; sourceTree = "<group>"; };
		8C792242248B86A900FCD271 /* MigrateTableViewController.swift */ = {isa = PBXFileReference; lastKnownFileType = sourcecode.swift; path = MigrateTableViewController.swift; sourceTree = "<group>"; };
		8C7B42DC248AE14500CCD778 /* GoalTableViewController.swift */ = {isa = PBXFileReference; lastKnownFileType = sourcecode.swift; path = GoalTableViewController.swift; sourceTree = "<group>"; };
		8C7B42DE248AE6C100CCD778 /* AddGoalViewController.swift */ = {isa = PBXFileReference; lastKnownFileType = sourcecode.swift; path = AddGoalViewController.swift; sourceTree = "<group>"; };
/* End PBXFileReference section */

/* Begin PBXFrameworksBuildPhase section */
		8C752DDF2489D36800697557 /* Frameworks */ = {
			isa = PBXFrameworksBuildPhase;
			buildActionMask = 2147483647;
			files = (
				8C752DFF2489D37800697557 /* CloudKit.framework in Frameworks */,
			);
			runOnlyForDeploymentPostprocessing = 0;
		};
/* End PBXFrameworksBuildPhase section */

/* Begin PBXGroup section */
		8C752DD92489D36800697557 = {
			isa = PBXGroup;
			children = (
				8C752DE42489D36800697557 /* SBM1 */,
				8C752DE32489D36800697557 /* Products */,
				8C752DFD2489D37800697557 /* Frameworks */,
			);
			sourceTree = "<group>";
		};
		8C752DE32489D36800697557 /* Products */ = {
			isa = PBXGroup;
			children = (
				8C752DE22489D36800697557 /* SBM1.app */,
			);
			name = Products;
			sourceTree = "<group>";
		};
		8C752DE42489D36800697557 /* SBM1 */ = {
			isa = PBXGroup;
			children = (
				8C752DFC2489D37500697557 /* SBM1.entitlements */,
				8C752DE52489D36800697557 /* AppDelegate.swift */,
				8C752DE72489D36800697557 /* SceneDelegate.swift */,
				8C752DEB2489D36800697557 /* Main.storyboard */,
				8C792242248B86A900FCD271 /* MigrateTableViewController.swift */,
				8C7B42DE248AE6C100CCD778 /* AddGoalViewController.swift */,
				8C7B42DC248AE14500CCD778 /* GoalTableViewController.swift */,
				8C752DF12489D36800697557 /* Assets.xcassets */,
				8C752DF32489D36800697557 /* LaunchScreen.storyboard */,
				8C752DF62489D36800697557 /* Info.plist */,
				8C752DEE2489D36800697557 /* SBM1.xcdatamodeld */,
				8C752E002489E66800697557 /* MainTableViewController.swift */,
				8C752E02248A074D00697557 /* AddTaskViewController.swift */,
			);
			path = SBM1;
			sourceTree = "<group>";
		};
		8C752DFD2489D37800697557 /* Frameworks */ = {
			isa = PBXGroup;
			children = (
				8C752DFE2489D37800697557 /* CloudKit.framework */,
			);
			name = Frameworks;
			sourceTree = "<group>";
		};
/* End PBXGroup section */

/* Begin PBXNativeTarget section */
		8C752DE12489D36800697557 /* SBM1 */ = {
			isa = PBXNativeTarget;
			buildConfigurationList = 8C752DF92489D36800697557 /* Build configuration list for PBXNativeTarget "SBM1" */;
			buildPhases = (
				8C752DDE2489D36800697557 /* Sources */,
				8C752DDF2489D36800697557 /* Frameworks */,
				8C752DE02489D36800697557 /* Resources */,
			);
			buildRules = (
			);
			dependencies = (
			);
			name = SBM1;
			productName = SBM1;
			productReference = 8C752DE22489D36800697557 /* SBM1.app */;
			productType = "com.apple.product-type.application";
		};
/* End PBXNativeTarget section */

/* Begin PBXProject section */
		8C752DDA2489D36800697557 /* Project object */ = {
			isa = PBXProject;
			attributes = {
				LastSwiftUpdateCheck = 1150;
				LastUpgradeCheck = 1150;
				ORGANIZATIONNAME = "Tatsuya Moriguchi";
				TargetAttributes = {
					8C752DE12489D36800697557 = {
						CreatedOnToolsVersion = 11.5;
					};
				};
			};
			buildConfigurationList = 8C752DDD2489D36800697557 /* Build configuration list for PBXProject "SBM1" */;
			compatibilityVersion = "Xcode 9.3";
			developmentRegion = en;
			hasScannedForEncodings = 0;
			knownRegions = (
				en,
				Base,
			);
			mainGroup = 8C752DD92489D36800697557;
			productRefGroup = 8C752DE32489D36800697557 /* Products */;
			projectDirPath = "";
			projectRoot = "";
			targets = (
				8C752DE12489D36800697557 /* SBM1 */,
			);
		};
/* End PBXProject section */

/* Begin PBXResourcesBuildPhase section */
		8C752DE02489D36800697557 /* Resources */ = {
			isa = PBXResourcesBuildPhase;
			buildActionMask = 2147483647;
			files = (
				8C752DF52489D36800697557 /* LaunchScreen.storyboard in Resources */,
				8C752DF22489D36800697557 /* Assets.xcassets in Resources */,
				8C752DED2489D36800697557 /* Main.storyboard in Resources */,
			);
			runOnlyForDeploymentPostprocessing = 0;
		};
/* End PBXResourcesBuildPhase section */

/* Begin PBXSourcesBuildPhase section */
		8C752DDE2489D36800697557 /* Sources */ = {
			isa = PBXSourcesBuildPhase;
			buildActionMask = 2147483647;
			files = (
				8C7B42DF248AE6C100CCD778 /* AddGoalViewController.swift in Sources */,
				8C752E012489E66800697557 /* MainTableViewController.swift in Sources */,
				8C752DF02489D36800697557 /* SBM1.xcdatamodeld in Sources */,
				8C752DE62489D36800697557 /* AppDelegate.swift in Sources */,
				8C752DE82489D36800697557 /* SceneDelegate.swift in Sources */,
				8C7B42DD248AE14500CCD778 /* GoalTableViewController.swift in Sources */,
				8C792243248B86A900FCD271 /* MigrateTableViewController.swift in Sources */,
				8C752E03248A074D00697557 /* AddTaskViewController.swift in Sources */,
			);
			runOnlyForDeploymentPostprocessing = 0;
		};
/* End PBXSourcesBuildPhase section */

/* Begin PBXVariantGroup section */
		8C752DEB2489D36800697557 /* Main.storyboard */ = {
			isa = PBXVariantGroup;
			children = (
				8C752DEC2489D36800697557 /* Base */,
			);
			name = Main.storyboard;
			sourceTree = "<group>";
		};
		8C752DF32489D36800697557 /* LaunchScreen.storyboard */ = {
			isa = PBXVariantGroup;
			children = (
				8C752DF42489D36800697557 /* Base */,
			);
			name = LaunchScreen.storyboard;
			sourceTree = "<group>";
		};
/* End PBXVariantGroup section */

/* Begin XCBuildConfiguration section */
		8C752DF72489D36800697557 /* Debug */ = {
			isa = XCBuildConfiguration;
			buildSettings = {
				ALWAYS_SEARCH_USER_PATHS = NO;
				CLANG_ANALYZER_NONNULL = YES;
				CLANG_ANALYZER_NUMBER_OBJECT_CONVERSION = YES_AGGRESSIVE;
				CLANG_CXX_LANGUAGE_STANDARD = "gnu++14";
				CLANG_CXX_LIBRARY = "libc++";
				CLANG_ENABLE_MODULES = YES;
				CLANG_ENABLE_OBJC_ARC = YES;
				CLANG_ENABLE_OBJC_WEAK = YES;
				CLANG_WARN_BLOCK_CAPTURE_AUTORELEASING = YES;
				CLANG_WARN_BOOL_CONVERSION = YES;
				CLANG_WARN_COMMA = YES;
				CLANG_WARN_CONSTANT_CONVERSION = YES;
				CLANG_WARN_DEPRECATED_OBJC_IMPLEMENTATIONS = YES;
				CLANG_WARN_DIRECT_OBJC_ISA_USAGE = YES_ERROR;
				CLANG_WARN_DOCUMENTATION_COMMENTS = YES;
				CLANG_WARN_EMPTY_BODY = YES;
				CLANG_WARN_ENUM_CONVERSION = YES;
				CLANG_WARN_INFINITE_RECURSION = YES;
				CLANG_WARN_INT_CONVERSION = YES;
				CLANG_WARN_NON_LITERAL_NULL_CONVERSION = YES;
				CLANG_WARN_OBJC_IMPLICIT_RETAIN_SELF = YES;
				CLANG_WARN_OBJC_LITERAL_CONVERSION = YES;
				CLANG_WARN_OBJC_ROOT_CLASS = YES_ERROR;
				CLANG_WARN_RANGE_LOOP_ANALYSIS = YES;
				CLANG_WARN_STRICT_PROTOTYPES = YES;
				CLANG_WARN_SUSPICIOUS_MOVE = YES;
				CLANG_WARN_UNGUARDED_AVAILABILITY = YES_AGGRESSIVE;
				CLANG_WARN_UNREACHABLE_CODE = YES;
				CLANG_WARN__DUPLICATE_METHOD_MATCH = YES;
				COPY_PHASE_STRIP = NO;
				DEBUG_INFORMATION_FORMAT = dwarf;
				ENABLE_STRICT_OBJC_MSGSEND = YES;
				ENABLE_TESTABILITY = YES;
				GCC_C_LANGUAGE_STANDARD = gnu11;
				GCC_DYNAMIC_NO_PIC = NO;
				GCC_NO_COMMON_BLOCKS = YES;
				GCC_OPTIMIZATION_LEVEL = 0;
				GCC_PREPROCESSOR_DEFINITIONS = (
					"DEBUG=1",
					"$(inherited)",
				);
				GCC_WARN_64_TO_32_BIT_CONVERSION = YES;
				GCC_WARN_ABOUT_RETURN_TYPE = YES_ERROR;
				GCC_WARN_UNDECLARED_SELECTOR = YES;
				GCC_WARN_UNINITIALIZED_AUTOS = YES_AGGRESSIVE;
				GCC_WARN_UNUSED_FUNCTION = YES;
				GCC_WARN_UNUSED_VARIABLE = YES;
				IPHONEOS_DEPLOYMENT_TARGET = 13.4;
				MTL_ENABLE_DEBUG_INFO = INCLUDE_SOURCE;
				MTL_FAST_MATH = YES;
				ONLY_ACTIVE_ARCH = YES;
				SDKROOT = iphoneos;
				SWIFT_ACTIVE_COMPILATION_CONDITIONS = DEBUG;
				SWIFT_OPTIMIZATION_LEVEL = "-Onone";
			};
			name = Debug;
		};
		8C752DF82489D36800697557 /* Release */ = {
			isa = XCBuildConfiguration;
			buildSettings = {
				ALWAYS_SEARCH_USER_PATHS = NO;
				CLANG_ANALYZER_NONNULL = YES;
				CLANG_ANALYZER_NUMBER_OBJECT_CONVERSION = YES_AGGRESSIVE;
				CLANG_CXX_LANGUAGE_STANDARD = "gnu++14";
				CLANG_CXX_LIBRARY = "libc++";
				CLANG_ENABLE_MODULES = YES;
				CLANG_ENABLE_OBJC_ARC = YES;
				CLANG_ENABLE_OBJC_WEAK = YES;
				CLANG_WARN_BLOCK_CAPTURE_AUTORELEASING = YES;
				CLANG_WARN_BOOL_CONVERSION = YES;
				CLANG_WARN_COMMA = YES;
				CLANG_WARN_CONSTANT_CONVERSION = YES;
				CLANG_WARN_DEPRECATED_OBJC_IMPLEMENTATIONS = YES;
				CLANG_WARN_DIRECT_OBJC_ISA_USAGE = YES_ERROR;
				CLANG_WARN_DOCUMENTATION_COMMENTS = YES;
				CLANG_WARN_EMPTY_BODY = YES;
				CLANG_WARN_ENUM_CONVERSION = YES;
				CLANG_WARN_INFINITE_RECURSION = YES;
				CLANG_WARN_INT_CONVERSION = YES;
				CLANG_WARN_NON_LITERAL_NULL_CONVERSION = YES;
				CLANG_WARN_OBJC_IMPLICIT_RETAIN_SELF = YES;
				CLANG_WARN_OBJC_LITERAL_CONVERSION = YES;
				CLANG_WARN_OBJC_ROOT_CLASS = YES_ERROR;
				CLANG_WARN_RANGE_LOOP_ANALYSIS = YES;
				CLANG_WARN_STRICT_PROTOTYPES = YES;
				CLANG_WARN_SUSPICIOUS_MOVE = YES;
				CLANG_WARN_UNGUARDED_AVAILABILITY = YES_AGGRESSIVE;
				CLANG_WARN_UNREACHABLE_CODE = YES;
				CLANG_WARN__DUPLICATE_METHOD_MATCH = YES;
				COPY_PHASE_STRIP = NO;
				DEBUG_INFORMATION_FORMAT = "dwarf-with-dsym";
				ENABLE_NS_ASSERTIONS = NO;
				ENABLE_STRICT_OBJC_MSGSEND = YES;
				GCC_C_LANGUAGE_STANDARD = gnu11;
				GCC_NO_COMMON_BLOCKS = YES;
				GCC_WARN_64_TO_32_BIT_CONVERSION = YES;
				GCC_WARN_ABOUT_RETURN_TYPE = YES_ERROR;
				GCC_WARN_UNDECLARED_SELECTOR = YES;
				GCC_WARN_UNINITIALIZED_AUTOS = YES_AGGRESSIVE;
				GCC_WARN_UNUSED_FUNCTION = YES;
				GCC_WARN_UNUSED_VARIABLE = YES;
				IPHONEOS_DEPLOYMENT_TARGET = 13.4;
				MTL_ENABLE_DEBUG_INFO = NO;
				MTL_FAST_MATH = YES;
				SDKROOT = iphoneos;
				SWIFT_COMPILATION_MODE = wholemodule;
				SWIFT_OPTIMIZATION_LEVEL = "-O";
				VALIDATE_PRODUCT = YES;
			};
			name = Release;
		};
		8C752DFA2489D36800697557 /* Debug */ = {
			isa = XCBuildConfiguration;
			buildSettings = {
				ASSETCATALOG_COMPILER_APPICON_NAME = AppIcon;
				CODE_SIGN_ENTITLEMENTS = SBM1/SBM1.entitlements;
				CODE_SIGN_IDENTITY = "Apple Development";
				CODE_SIGN_STYLE = Automatic;
				DEVELOPMENT_TEAM = GY7BG2G9TC;
				INFOPLIST_FILE = SBM1/Info.plist;
				LD_RUNPATH_SEARCH_PATHS = (
					"$(inherited)",
					"@executable_path/Frameworks",
				);
				PRODUCT_BUNDLE_IDENTIFIER = com.beckos.SBM1;
				PRODUCT_NAME = "$(TARGET_NAME)";
				PROVISIONING_PROFILE_SPECIFIER = "";
				SWIFT_VERSION = 5.0;
				TARGETED_DEVICE_FAMILY = "1,2";
			};
			name = Debug;
		};
		8C752DFB2489D36800697557 /* Release */ = {
			isa = XCBuildConfiguration;
			buildSettings = {
				ASSETCATALOG_COMPILER_APPICON_NAME = AppIcon;
				CODE_SIGN_ENTITLEMENTS = SBM1/SBM1.entitlements;
				CODE_SIGN_IDENTITY = "Apple Development";
				CODE_SIGN_STYLE = Automatic;
				DEVELOPMENT_TEAM = GY7BG2G9TC;
				INFOPLIST_FILE = SBM1/Info.plist;
				LD_RUNPATH_SEARCH_PATHS = (
					"$(inherited)",
					"@executable_path/Frameworks",
				);
				PRODUCT_BUNDLE_IDENTIFIER = com.beckos.SBM1;
				PRODUCT_NAME = "$(TARGET_NAME)";
				PROVISIONING_PROFILE_SPECIFIER = "";
				SWIFT_VERSION = 5.0;
				TARGETED_DEVICE_FAMILY = "1,2";
			};
			name = Release;
		};
/* End XCBuildConfiguration section */

/* Begin XCConfigurationList section */
		8C752DDD2489D36800697557 /* Build configuration list for PBXProject "SBM1" */ = {
			isa = XCConfigurationList;
			buildConfigurations = (
				8C752DF72489D36800697557 /* Debug */,
				8C752DF82489D36800697557 /* Release */,
			);
			defaultConfigurationIsVisible = 0;
			defaultConfigurationName = Release;
		};
		8C752DF92489D36800697557 /* Build configuration list for PBXNativeTarget "SBM1" */ = {
			isa = XCConfigurationList;
			buildConfigurations = (
				8C752DFA2489D36800697557 /* Debug */,
				8C752DFB2489D36800697557 /* Release */,
			);
			defaultConfigurationIsVisible = 0;
			defaultConfigurationName = Release;
		};
/* End XCConfigurationList section */

/* Begin XCVersionGroup section */
		8C752DEE2489D36800697557 /* SBM1.xcdatamodeld */ = {
			isa = XCVersionGroup;
			children = (
				8C752DEF2489D36800697557 /* SBM1.xcdatamodel */,
			);
			currentVersion = 8C752DEF2489D36800697557 /* SBM1.xcdatamodel */;
			path = SBM1.xcdatamodeld;
			sourceTree = "<group>";
			versionGroupType = wrapper.xcdatamodel;
		};
/* End XCVersionGroup section */
	};
	rootObject = 8C752DDA2489D36800697557 /* Project object */;
}
